
Microsoft Visual Studio Solution File, Format Version 12.00
# Visual Studio Version 17
VisualStudioVersion = 17.4.33213.308
MinimumVisualStudioVersion = 10.0.40219.1
Project("{FAE04EC0-301F-11D3-BF4B-00C04F79EFBC}") = "Payroll", "Payroll\Payroll.csproj", "{784D2863-4EA6-4CF6-B020-E65094D11403}"
EndProject
Global
	GlobalSection(SolutionConfigurationPlatforms) = preSolution
		Debug|Any CPU = Debug|Any CPU
		Release|Any CPU = Release|Any CPU
	EndGlobalSection
	GlobalSection(ProjectConfigurationPlatforms) = postSolution
		{784D2863-4EA6-4CF6-B020-E65094D11403}.Debug|Any CPU.ActiveCfg = Debug|Any CPU
		{784D2863-4EA6-4CF6-B020-E65094D11403}.Debug|Any CPU.Build.0 = Debug|Any CPU
		{784D2863-4EA6-4CF6-B020-E65094D11403}.Release|Any CPU.ActiveCfg = Release|Any CPU
		{784D2863-4EA6-4CF6-B020-E65094D11403}.Release|Any CPU.Build.0 = Release|Any CPU
	EndGlobalSection
	GlobalSection(SolutionProperties) = preSolution
		HideSolutionNode = FALSE
	EndGlobalSection
	GlobalSection(ExtensibilityGlobals) = postSolution
		SolutionGuid = {DDE2B683-BC47-4E0B-AF1F-8C2292D5E95C}
	EndGlobalSection
EndGlobal
